
Microsoft Visual Studio Solution File, Format Version 11.00
# Visual Studio 2010
Project("{FAE04EC0-301F-11D3-BF4B-00C04F79EFBC}") = "PrototipoN1_05", "Assembly-CSharp.csproj", "{A226B74B-2359-47D7-2CA6-57C51B6DD96D}"
EndProject
Global
	GlobalSection(SolutionConfigurationPlatforms) = preSolution
		Debug|Any CPU = Debug|Any CPU
		Release|Any CPU = Release|Any CPU
	EndGlobalSection
	GlobalSection(ProjectConfigurationPlatforms) = postSolution
		{A226B74B-2359-47D7-2CA6-57C51B6DD96D}.Debug|Any CPU.ActiveCfg = Debug|Any CPU
		{A226B74B-2359-47D7-2CA6-57C51B6DD96D}.Debug|Any CPU.Build.0 = Debug|Any CPU
		{A226B74B-2359-47D7-2CA6-57C51B6DD96D}.Release|Any CPU.ActiveCfg = Release|Any CPU
		{A226B74B-2359-47D7-2CA6-57C51B6DD96D}.Release|Any CPU.Build.0 = Release|Any CPU
	EndGlobalSection
	GlobalSection(SolutionProperties) = preSolution
		HideSolutionNode = FALSE
	EndGlobalSection
	GlobalSection(MonoDevelopProperties) = preSolution
		StartupItem = Assembly-CSharp.csproj
	EndGlobalSection
EndGlobal
