
Microsoft Visual Studio Solution File, Format Version 11.00
# Visual Studio 2010
Project("{FAE04EC0-301F-11D3-BF4B-00C04F79EFBC}") = "PrototipoIntegracion01", "Assembly-CSharp.csproj", "{176EF983-616F-D793-7A97-E1ED899DC2B4}"
EndProject
Project("{FAE04EC0-301F-11D3-BF4B-00C04F79EFBC}") = "PrototipoIntegracion01", "Assembly-CSharp-Editor.csproj", "{23A13655-C320-4517-C410-1D1FB1831D76}"
EndProject
Global
	GlobalSection(SolutionConfigurationPlatforms) = preSolution
		Debug|Any CPU = Debug|Any CPU
		Release|Any CPU = Release|Any CPU
	EndGlobalSection
	GlobalSection(ProjectConfigurationPlatforms) = postSolution
		{176EF983-616F-D793-7A97-E1ED899DC2B4}.Debug|Any CPU.ActiveCfg = Debug|Any CPU
		{176EF983-616F-D793-7A97-E1ED899DC2B4}.Debug|Any CPU.Build.0 = Debug|Any CPU
		{176EF983-616F-D793-7A97-E1ED899DC2B4}.Release|Any CPU.ActiveCfg = Release|Any CPU
		{176EF983-616F-D793-7A97-E1ED899DC2B4}.Release|Any CPU.Build.0 = Release|Any CPU
		{23A13655-C320-4517-C410-1D1FB1831D76}.Debug|Any CPU.ActiveCfg = Debug|Any CPU
		{23A13655-C320-4517-C410-1D1FB1831D76}.Debug|Any CPU.Build.0 = Debug|Any CPU
		{23A13655-C320-4517-C410-1D1FB1831D76}.Release|Any CPU.ActiveCfg = Release|Any CPU
		{23A13655-C320-4517-C410-1D1FB1831D76}.Release|Any CPU.Build.0 = Release|Any CPU
	EndGlobalSection
	GlobalSection(SolutionProperties) = preSolution
		HideSolutionNode = FALSE
	EndGlobalSection
	GlobalSection(MonoDevelopProperties) = preSolution
		StartupItem = Assembly-CSharp.csproj
	EndGlobalSection
EndGlobal
